
Microsoft Visual Studio Solution File, Format Version 12.00
# Visual Studio 15
VisualStudioVersion = 15.0.26124.0
MinimumVisualStudioVersion = 15.0.26124.0
Project("{2150E333-8FDC-42A3-9474-1A3956D46DE8}") = "AppServices", "AppServices", "{644AC576-52EB-4A77-B7C5-6EEF492D1737}"
EndProject
Project("{FAE04EC0-301F-11D3-BF4B-00C04F79EFBC}") = "WebAPIService", "AppServices\WebAPIService\WebAPIService.csproj", "{383C0F29-5A86-41C0-A53C-751C8F5F8718}"
EndProject
Project("{FAE04EC0-301F-11D3-BF4B-00C04F79EFBC}") = "IdentityService", "AppServices\IdentityService\IdentityService.csproj", "{875E0EEA-CD0A-40EF-A56B-5B32941E775D}"
EndProject
Project("{2150E333-8FDC-42A3-9474-1A3956D46DE8}") = "WorkerServices", "WorkerServices", "{25F9B66C-3B09-430D-B74A-3CE0F848CE43}"
EndProject
Project("{FAE04EC0-301F-11D3-BF4B-00C04F79EFBC}") = "NotificationWorkerService", "AppServices\WorkerServices\NotificationWorkerService\NotificationWorkerService.csproj", "{2B47EB39-5A25-4B3A-AF21-C3A8B516AAAB}"
EndProject
Project("{2150E333-8FDC-42A3-9474-1A3956D46DE8}") = "DataServices", "DataServices", "{0821D538-9C13-4CB5-93EB-434789381FA0}"
EndProject
Project("{FAE04EC0-301F-11D3-BF4B-00C04F79EFBC}") = "Domain", "DataServices\Domain\Domain.csproj", "{BF9901F1-249D-4C6C-B03A-71469C14C392}"
EndProject
Project("{FAE04EC0-301F-11D3-BF4B-00C04F79EFBC}") = "BusinessServices", "DataServices\BusinessServices\BusinessServices.csproj", "{47CDB452-8867-4A07-B6ED-598FA032A3F4}"
EndProject
Project("{2150E333-8FDC-42A3-9474-1A3956D46DE8}") = "Contracts", "Contracts", "{3856ACDB-DC4F-4014-B2B7-CFA85A79A6BB}"
EndProject
Project("{FAE04EC0-301F-11D3-BF4B-00C04F79EFBC}") = "Contracts.Shared", "Contracts\Contracts.Shared\Contracts.Shared.csproj", "{3943410A-EE9D-4F36-8822-54EA53860768}"
EndProject
Project("{2150E333-8FDC-42A3-9474-1A3956D46DE8}") = "Test", "Test", "{6C30D600-8881-11EA-BAA5-254546D0014A}"
EndProject
Project("{FAE04EC0-301F-11D3-BF4B-00C04F79EFBC}") = "DataAccess", "DataServices\DataAccess\DataAccess.csproj", "{A253AB65-72ED-418F-95E2-FAD2CF9582D3}"
EndProject
Global
	GlobalSection(SolutionConfigurationPlatforms) = preSolution
		Debug|Any CPU = Debug|Any CPU
		Debug|x64 = Debug|x64
		Debug|x86 = Debug|x86
		Release|Any CPU = Release|Any CPU
		Release|x64 = Release|x64
		Release|x86 = Release|x86
	EndGlobalSection
	GlobalSection(SolutionProperties) = preSolution
		HideSolutionNode = FALSE
	EndGlobalSection
	GlobalSection(ProjectConfigurationPlatforms) = postSolution
		{383C0F29-5A86-41C0-A53C-751C8F5F8718}.Debug|Any CPU.ActiveCfg = Debug|Any CPU
		{383C0F29-5A86-41C0-A53C-751C8F5F8718}.Debug|Any CPU.Build.0 = Debug|Any CPU
		{383C0F29-5A86-41C0-A53C-751C8F5F8718}.Debug|x64.ActiveCfg = Debug|Any CPU
		{383C0F29-5A86-41C0-A53C-751C8F5F8718}.Debug|x64.Build.0 = Debug|Any CPU
		{383C0F29-5A86-41C0-A53C-751C8F5F8718}.Debug|x86.ActiveCfg = Debug|Any CPU
		{383C0F29-5A86-41C0-A53C-751C8F5F8718}.Debug|x86.Build.0 = Debug|Any CPU
		{383C0F29-5A86-41C0-A53C-751C8F5F8718}.Release|Any CPU.ActiveCfg = Release|Any CPU
		{383C0F29-5A86-41C0-A53C-751C8F5F8718}.Release|Any CPU.Build.0 = Release|Any CPU
		{383C0F29-5A86-41C0-A53C-751C8F5F8718}.Release|x64.ActiveCfg = Release|Any CPU
		{383C0F29-5A86-41C0-A53C-751C8F5F8718}.Release|x64.Build.0 = Release|Any CPU
		{383C0F29-5A86-41C0-A53C-751C8F5F8718}.Release|x86.ActiveCfg = Release|Any CPU
		{383C0F29-5A86-41C0-A53C-751C8F5F8718}.Release|x86.Build.0 = Release|Any CPU
		{875E0EEA-CD0A-40EF-A56B-5B32941E775D}.Debug|Any CPU.ActiveCfg = Debug|Any CPU
		{875E0EEA-CD0A-40EF-A56B-5B32941E775D}.Debug|Any CPU.Build.0 = Debug|Any CPU
		{875E0EEA-CD0A-40EF-A56B-5B32941E775D}.Debug|x64.ActiveCfg = Debug|Any CPU
		{875E0EEA-CD0A-40EF-A56B-5B32941E775D}.Debug|x64.Build.0 = Debug|Any CPU
		{875E0EEA-CD0A-40EF-A56B-5B32941E775D}.Debug|x86.ActiveCfg = Debug|Any CPU
		{875E0EEA-CD0A-40EF-A56B-5B32941E775D}.Debug|x86.Build.0 = Debug|Any CPU
		{875E0EEA-CD0A-40EF-A56B-5B32941E775D}.Release|Any CPU.ActiveCfg = Release|Any CPU
		{875E0EEA-CD0A-40EF-A56B-5B32941E775D}.Release|Any CPU.Build.0 = Release|Any CPU
		{875E0EEA-CD0A-40EF-A56B-5B32941E775D}.Release|x64.ActiveCfg = Release|Any CPU
		{875E0EEA-CD0A-40EF-A56B-5B32941E775D}.Release|x64.Build.0 = Release|Any CPU
		{875E0EEA-CD0A-40EF-A56B-5B32941E775D}.Release|x86.ActiveCfg = Release|Any CPU
		{875E0EEA-CD0A-40EF-A56B-5B32941E775D}.Release|x86.Build.0 = Release|Any CPU
		{2B47EB39-5A25-4B3A-AF21-C3A8B516AAAB}.Debug|Any CPU.ActiveCfg = Debug|Any CPU
		{2B47EB39-5A25-4B3A-AF21-C3A8B516AAAB}.Debug|Any CPU.Build.0 = Debug|Any CPU
		{2B47EB39-5A25-4B3A-AF21-C3A8B516AAAB}.Debug|x64.ActiveCfg = Debug|Any CPU
		{2B47EB39-5A25-4B3A-AF21-C3A8B516AAAB}.Debug|x64.Build.0 = Debug|Any CPU
		{2B47EB39-5A25-4B3A-AF21-C3A8B516AAAB}.Debug|x86.ActiveCfg = Debug|Any CPU
		{2B47EB39-5A25-4B3A-AF21-C3A8B516AAAB}.Debug|x86.Build.0 = Debug|Any CPU
		{2B47EB39-5A25-4B3A-AF21-C3A8B516AAAB}.Release|Any CPU.ActiveCfg = Release|Any CPU
		{2B47EB39-5A25-4B3A-AF21-C3A8B516AAAB}.Release|Any CPU.Build.0 = Release|Any CPU
		{2B47EB39-5A25-4B3A-AF21-C3A8B516AAAB}.Release|x64.ActiveCfg = Release|Any CPU
		{2B47EB39-5A25-4B3A-AF21-C3A8B516AAAB}.Release|x64.Build.0 = Release|Any CPU
		{2B47EB39-5A25-4B3A-AF21-C3A8B516AAAB}.Release|x86.ActiveCfg = Release|Any CPU
		{2B47EB39-5A25-4B3A-AF21-C3A8B516AAAB}.Release|x86.Build.0 = Release|Any CPU
		{BF9901F1-249D-4C6C-B03A-71469C14C392}.Debug|Any CPU.ActiveCfg = Debug|Any CPU
		{BF9901F1-249D-4C6C-B03A-71469C14C392}.Debug|Any CPU.Build.0 = Debug|Any CPU
		{BF9901F1-249D-4C6C-B03A-71469C14C392}.Debug|x64.ActiveCfg = Debug|Any CPU
		{BF9901F1-249D-4C6C-B03A-71469C14C392}.Debug|x64.Build.0 = Debug|Any CPU
		{BF9901F1-249D-4C6C-B03A-71469C14C392}.Debug|x86.ActiveCfg = Debug|Any CPU
		{BF9901F1-249D-4C6C-B03A-71469C14C392}.Debug|x86.Build.0 = Debug|Any CPU
		{BF9901F1-249D-4C6C-B03A-71469C14C392}.Release|Any CPU.ActiveCfg = Release|Any CPU
		{BF9901F1-249D-4C6C-B03A-71469C14C392}.Release|Any CPU.Build.0 = Release|Any CPU
		{BF9901F1-249D-4C6C-B03A-71469C14C392}.Release|x64.ActiveCfg = Release|Any CPU
		{BF9901F1-249D-4C6C-B03A-71469C14C392}.Release|x64.Build.0 = Release|Any CPU
		{BF9901F1-249D-4C6C-B03A-71469C14C392}.Release|x86.ActiveCfg = Release|Any CPU
		{BF9901F1-249D-4C6C-B03A-71469C14C392}.Release|x86.Build.0 = Release|Any CPU
		{47CDB452-8867-4A07-B6ED-598FA032A3F4}.Debug|Any CPU.ActiveCfg = Debug|Any CPU
		{47CDB452-8867-4A07-B6ED-598FA032A3F4}.Debug|Any CPU.Build.0 = Debug|Any CPU
		{47CDB452-8867-4A07-B6ED-598FA032A3F4}.Debug|x64.ActiveCfg = Debug|Any CPU
		{47CDB452-8867-4A07-B6ED-598FA032A3F4}.Debug|x64.Build.0 = Debug|Any CPU
		{47CDB452-8867-4A07-B6ED-598FA032A3F4}.Debug|x86.ActiveCfg = Debug|Any CPU
		{47CDB452-8867-4A07-B6ED-598FA032A3F4}.Debug|x86.Build.0 = Debug|Any CPU
		{47CDB452-8867-4A07-B6ED-598FA032A3F4}.Release|Any CPU.ActiveCfg = Release|Any CPU
		{47CDB452-8867-4A07-B6ED-598FA032A3F4}.Release|Any CPU.Build.0 = Release|Any CPU
		{47CDB452-8867-4A07-B6ED-598FA032A3F4}.Release|x64.ActiveCfg = Release|Any CPU
		{47CDB452-8867-4A07-B6ED-598FA032A3F4}.Release|x64.Build.0 = Release|Any CPU
		{47CDB452-8867-4A07-B6ED-598FA032A3F4}.Release|x86.ActiveCfg = Release|Any CPU
		{47CDB452-8867-4A07-B6ED-598FA032A3F4}.Release|x86.Build.0 = Release|Any CPU
		{3943410A-EE9D-4F36-8822-54EA53860768}.Debug|Any CPU.ActiveCfg = Debug|Any CPU
		{3943410A-EE9D-4F36-8822-54EA53860768}.Debug|Any CPU.Build.0 = Debug|Any CPU
		{3943410A-EE9D-4F36-8822-54EA53860768}.Debug|x64.ActiveCfg = Debug|Any CPU
		{3943410A-EE9D-4F36-8822-54EA53860768}.Debug|x64.Build.0 = Debug|Any CPU
		{3943410A-EE9D-4F36-8822-54EA53860768}.Debug|x86.ActiveCfg = Debug|Any CPU
		{3943410A-EE9D-4F36-8822-54EA53860768}.Debug|x86.Build.0 = Debug|Any CPU
		{3943410A-EE9D-4F36-8822-54EA53860768}.Release|Any CPU.ActiveCfg = Release|Any CPU
		{3943410A-EE9D-4F36-8822-54EA53860768}.Release|Any CPU.Build.0 = Release|Any CPU
		{3943410A-EE9D-4F36-8822-54EA53860768}.Release|x64.ActiveCfg = Release|Any CPU
		{3943410A-EE9D-4F36-8822-54EA53860768}.Release|x64.Build.0 = Release|Any CPU
		{3943410A-EE9D-4F36-8822-54EA53860768}.Release|x86.ActiveCfg = Release|Any CPU
		{3943410A-EE9D-4F36-8822-54EA53860768}.Release|x86.Build.0 = Release|Any CPU
		{A253AB65-72ED-418F-95E2-FAD2CF9582D3}.Debug|Any CPU.ActiveCfg = Debug|Any CPU
		{A253AB65-72ED-418F-95E2-FAD2CF9582D3}.Debug|Any CPU.Build.0 = Debug|Any CPU
		{A253AB65-72ED-418F-95E2-FAD2CF9582D3}.Debug|x64.ActiveCfg = Debug|Any CPU
		{A253AB65-72ED-418F-95E2-FAD2CF9582D3}.Debug|x64.Build.0 = Debug|Any CPU
		{A253AB65-72ED-418F-95E2-FAD2CF9582D3}.Debug|x86.ActiveCfg = Debug|Any CPU
		{A253AB65-72ED-418F-95E2-FAD2CF9582D3}.Debug|x86.Build.0 = Debug|Any CPU
		{A253AB65-72ED-418F-95E2-FAD2CF9582D3}.Release|Any CPU.ActiveCfg = Release|Any CPU
		{A253AB65-72ED-418F-95E2-FAD2CF9582D3}.Release|Any CPU.Build.0 = Release|Any CPU
		{A253AB65-72ED-418F-95E2-FAD2CF9582D3}.Release|x64.ActiveCfg = Release|Any CPU
		{A253AB65-72ED-418F-95E2-FAD2CF9582D3}.Release|x64.Build.0 = Release|Any CPU
		{A253AB65-72ED-418F-95E2-FAD2CF9582D3}.Release|x86.ActiveCfg = Release|Any CPU
		{A253AB65-72ED-418F-95E2-FAD2CF9582D3}.Release|x86.Build.0 = Release|Any CPU
	EndGlobalSection
	GlobalSection(NestedProjects) = preSolution
		{6C30D600-8881-11EA-BAA5-254546D0014A} = {0821D538-9C13-4CB5-93EB-434789381FA0}
		{383C0F29-5A86-41C0-A53C-751C8F5F8718} = {644AC576-52EB-4A77-B7C5-6EEF492D1737}
		{875E0EEA-CD0A-40EF-A56B-5B32941E775D} = {644AC576-52EB-4A77-B7C5-6EEF492D1737}
		{25F9B66C-3B09-430D-B74A-3CE0F848CE43} = {644AC576-52EB-4A77-B7C5-6EEF492D1737}
		{2B47EB39-5A25-4B3A-AF21-C3A8B516AAAB} = {25F9B66C-3B09-430D-B74A-3CE0F848CE43}
		{BF9901F1-249D-4C6C-B03A-71469C14C392} = {0821D538-9C13-4CB5-93EB-434789381FA0}
		{47CDB452-8867-4A07-B6ED-598FA032A3F4} = {0821D538-9C13-4CB5-93EB-434789381FA0}
		{3943410A-EE9D-4F36-8822-54EA53860768} = {3856ACDB-DC4F-4014-B2B7-CFA85A79A6BB}
		{A253AB65-72ED-418F-95E2-FAD2CF9582D3} = {0821D538-9C13-4CB5-93EB-434789381FA0}
	EndGlobalSection
EndGlobal
