
Microsoft Visual Studio Solution File, Format Version 12.00
# Visual Studio 15
VisualStudioVersion = 15.0.26124.0
MinimumVisualStudioVersion = 15.0.26124.0
Project("{FAE04EC0-301F-11D3-BF4B-00C04F79EFBC}") = "WebAPI", ".\AppServices\WebAPIService\WebAPIService.csproj", "{10F506FD-E0A5-4399-96A4-ADDECBDD81AB}"
EndProject
Project("{2150E333-8FDC-42A3-9474-1A3956D46DE8}") = "Contracts", "Contracts", "{95482BEF-B807-4DBD-9440-883BA56E6252}"
EndProject
Project("{FAE04EC0-301F-11D3-BF4B-00C04F79EFBC}") = "Contracts.Shared", "Contracts\Contracts.Shared\Contracts.Shared.csproj", "{8C03C711-59ED-4E56-B579-CF21F73AA268}"
EndProject
Project("{2150E333-8FDC-42A3-9474-1A3956D46DE8}") = "DataServices", "DataServices", "{D0F298AB-71FB-4589-A18D-B459B6EB7CF1}"
EndProject
Project("{FAE04EC0-301F-11D3-BF4B-00C04F79EFBC}") = "Domain", "DataServices\Domain\Domain.csproj", "{A1E05219-9250-4CFE-A5FA-E2B6D7510105}"
EndProject
Project("{FAE04EC0-301F-11D3-BF4B-00C04F79EFBC}") = "DataAccess", "DataServices\DataAccess\DataAccess.csproj", "{3D4181AB-EED2-4397-82E9-B9F05DEF99F0}"
EndProject
Project("{FAE04EC0-301F-11D3-BF4B-00C04F79EFBC}") = "BusinessServices", "DataServices\BusinessServices\BusinessServices.csproj", "{8AB5FBDF-5027-415D-A424-B8F0C7728353}"
EndProject
Project("{2150E333-8FDC-42A3-9474-1A3956D46DE8}") = "AppServices", "AppServices", "{13A05E6A-6C92-46E6-9BF7-85F22548CBA7}"
EndProject
Project("{FAE04EC0-301F-11D3-BF4B-00C04F79EFBC}") = "IdentityService", "AppServices\IdentityService\IdentityService.csproj", "{54E3DAF6-CAC3-42EE-B422-0B6789B1017D}"
EndProject
Project("{2150E333-8FDC-42A3-9474-1A3956D46DE8}") = "WorkerServices", "WorkerServices", "{CCF1AF6B-D2F9-4A2E-9593-59C297A7E9CF}"
EndProject
Project("{FAE04EC0-301F-11D3-BF4B-00C04F79EFBC}") = "BaseWorkerService", "AppServices\WorkerServices\BaseWorkerService\BaseWorkerService.csproj", "{54BCB877-CB38-4564-958E-4FA51DB91A74}"
EndProject
Project("{FAE04EC0-301F-11D3-BF4B-00C04F79EFBC}") = "QueueAdapter", "QueueAdapter\QueueAdapter.csproj", "{C007838A-296C-4CCD-A8F4-CCF25D56E5CF}"
EndProject
Global
	GlobalSection(SolutionConfigurationPlatforms) = preSolution
		Debug|Any CPU = Debug|Any CPU
		Debug|x64 = Debug|x64
		Debug|x86 = Debug|x86
		Release|Any CPU = Release|Any CPU
		Release|x64 = Release|x64
		Release|x86 = Release|x86
	EndGlobalSection
	GlobalSection(SolutionProperties) = preSolution
		HideSolutionNode = FALSE
	EndGlobalSection
	GlobalSection(ProjectConfigurationPlatforms) = postSolution
		{10F506FD-E0A5-4399-96A4-ADDECBDD81AB}.Debug|Any CPU.ActiveCfg = Debug|Any CPU
		{10F506FD-E0A5-4399-96A4-ADDECBDD81AB}.Debug|Any CPU.Build.0 = Debug|Any CPU
		{10F506FD-E0A5-4399-96A4-ADDECBDD81AB}.Debug|x64.ActiveCfg = Debug|Any CPU
		{10F506FD-E0A5-4399-96A4-ADDECBDD81AB}.Debug|x64.Build.0 = Debug|Any CPU
		{10F506FD-E0A5-4399-96A4-ADDECBDD81AB}.Debug|x86.ActiveCfg = Debug|Any CPU
		{10F506FD-E0A5-4399-96A4-ADDECBDD81AB}.Debug|x86.Build.0 = Debug|Any CPU
		{10F506FD-E0A5-4399-96A4-ADDECBDD81AB}.Release|Any CPU.ActiveCfg = Release|Any CPU
		{10F506FD-E0A5-4399-96A4-ADDECBDD81AB}.Release|Any CPU.Build.0 = Release|Any CPU
		{10F506FD-E0A5-4399-96A4-ADDECBDD81AB}.Release|x64.ActiveCfg = Release|Any CPU
		{10F506FD-E0A5-4399-96A4-ADDECBDD81AB}.Release|x64.Build.0 = Release|Any CPU
		{10F506FD-E0A5-4399-96A4-ADDECBDD81AB}.Release|x86.ActiveCfg = Release|Any CPU
		{10F506FD-E0A5-4399-96A4-ADDECBDD81AB}.Release|x86.Build.0 = Release|Any CPU
		{8C03C711-59ED-4E56-B579-CF21F73AA268}.Debug|Any CPU.ActiveCfg = Debug|Any CPU
		{8C03C711-59ED-4E56-B579-CF21F73AA268}.Debug|Any CPU.Build.0 = Debug|Any CPU
		{8C03C711-59ED-4E56-B579-CF21F73AA268}.Debug|x64.ActiveCfg = Debug|Any CPU
		{8C03C711-59ED-4E56-B579-CF21F73AA268}.Debug|x64.Build.0 = Debug|Any CPU
		{8C03C711-59ED-4E56-B579-CF21F73AA268}.Debug|x86.ActiveCfg = Debug|Any CPU
		{8C03C711-59ED-4E56-B579-CF21F73AA268}.Debug|x86.Build.0 = Debug|Any CPU
		{8C03C711-59ED-4E56-B579-CF21F73AA268}.Release|Any CPU.ActiveCfg = Release|Any CPU
		{8C03C711-59ED-4E56-B579-CF21F73AA268}.Release|Any CPU.Build.0 = Release|Any CPU
		{8C03C711-59ED-4E56-B579-CF21F73AA268}.Release|x64.ActiveCfg = Release|Any CPU
		{8C03C711-59ED-4E56-B579-CF21F73AA268}.Release|x64.Build.0 = Release|Any CPU
		{8C03C711-59ED-4E56-B579-CF21F73AA268}.Release|x86.ActiveCfg = Release|Any CPU
		{8C03C711-59ED-4E56-B579-CF21F73AA268}.Release|x86.Build.0 = Release|Any CPU
		{A1E05219-9250-4CFE-A5FA-E2B6D7510105}.Debug|Any CPU.ActiveCfg = Debug|Any CPU
		{A1E05219-9250-4CFE-A5FA-E2B6D7510105}.Debug|Any CPU.Build.0 = Debug|Any CPU
		{A1E05219-9250-4CFE-A5FA-E2B6D7510105}.Debug|x64.ActiveCfg = Debug|Any CPU
		{A1E05219-9250-4CFE-A5FA-E2B6D7510105}.Debug|x64.Build.0 = Debug|Any CPU
		{A1E05219-9250-4CFE-A5FA-E2B6D7510105}.Debug|x86.ActiveCfg = Debug|Any CPU
		{A1E05219-9250-4CFE-A5FA-E2B6D7510105}.Debug|x86.Build.0 = Debug|Any CPU
		{A1E05219-9250-4CFE-A5FA-E2B6D7510105}.Release|Any CPU.ActiveCfg = Release|Any CPU
		{A1E05219-9250-4CFE-A5FA-E2B6D7510105}.Release|Any CPU.Build.0 = Release|Any CPU
		{A1E05219-9250-4CFE-A5FA-E2B6D7510105}.Release|x64.ActiveCfg = Release|Any CPU
		{A1E05219-9250-4CFE-A5FA-E2B6D7510105}.Release|x64.Build.0 = Release|Any CPU
		{A1E05219-9250-4CFE-A5FA-E2B6D7510105}.Release|x86.ActiveCfg = Release|Any CPU
		{A1E05219-9250-4CFE-A5FA-E2B6D7510105}.Release|x86.Build.0 = Release|Any CPU
		{3D4181AB-EED2-4397-82E9-B9F05DEF99F0}.Debug|Any CPU.ActiveCfg = Debug|Any CPU
		{3D4181AB-EED2-4397-82E9-B9F05DEF99F0}.Debug|Any CPU.Build.0 = Debug|Any CPU
		{3D4181AB-EED2-4397-82E9-B9F05DEF99F0}.Debug|x64.ActiveCfg = Debug|Any CPU
		{3D4181AB-EED2-4397-82E9-B9F05DEF99F0}.Debug|x64.Build.0 = Debug|Any CPU
		{3D4181AB-EED2-4397-82E9-B9F05DEF99F0}.Debug|x86.ActiveCfg = Debug|Any CPU
		{3D4181AB-EED2-4397-82E9-B9F05DEF99F0}.Debug|x86.Build.0 = Debug|Any CPU
		{3D4181AB-EED2-4397-82E9-B9F05DEF99F0}.Release|Any CPU.ActiveCfg = Release|Any CPU
		{3D4181AB-EED2-4397-82E9-B9F05DEF99F0}.Release|Any CPU.Build.0 = Release|Any CPU
		{3D4181AB-EED2-4397-82E9-B9F05DEF99F0}.Release|x64.ActiveCfg = Release|Any CPU
		{3D4181AB-EED2-4397-82E9-B9F05DEF99F0}.Release|x64.Build.0 = Release|Any CPU
		{3D4181AB-EED2-4397-82E9-B9F05DEF99F0}.Release|x86.ActiveCfg = Release|Any CPU
		{3D4181AB-EED2-4397-82E9-B9F05DEF99F0}.Release|x86.Build.0 = Release|Any CPU
		{8AB5FBDF-5027-415D-A424-B8F0C7728353}.Debug|Any CPU.ActiveCfg = Debug|Any CPU
		{8AB5FBDF-5027-415D-A424-B8F0C7728353}.Debug|Any CPU.Build.0 = Debug|Any CPU
		{8AB5FBDF-5027-415D-A424-B8F0C7728353}.Debug|x64.ActiveCfg = Debug|Any CPU
		{8AB5FBDF-5027-415D-A424-B8F0C7728353}.Debug|x64.Build.0 = Debug|Any CPU
		{8AB5FBDF-5027-415D-A424-B8F0C7728353}.Debug|x86.ActiveCfg = Debug|Any CPU
		{8AB5FBDF-5027-415D-A424-B8F0C7728353}.Debug|x86.Build.0 = Debug|Any CPU
		{8AB5FBDF-5027-415D-A424-B8F0C7728353}.Release|Any CPU.ActiveCfg = Release|Any CPU
		{8AB5FBDF-5027-415D-A424-B8F0C7728353}.Release|Any CPU.Build.0 = Release|Any CPU
		{8AB5FBDF-5027-415D-A424-B8F0C7728353}.Release|x64.ActiveCfg = Release|Any CPU
		{8AB5FBDF-5027-415D-A424-B8F0C7728353}.Release|x64.Build.0 = Release|Any CPU
		{8AB5FBDF-5027-415D-A424-B8F0C7728353}.Release|x86.ActiveCfg = Release|Any CPU
		{8AB5FBDF-5027-415D-A424-B8F0C7728353}.Release|x86.Build.0 = Release|Any CPU
		{54E3DAF6-CAC3-42EE-B422-0B6789B1017D}.Debug|Any CPU.ActiveCfg = Debug|Any CPU
		{54E3DAF6-CAC3-42EE-B422-0B6789B1017D}.Debug|Any CPU.Build.0 = Debug|Any CPU
		{54E3DAF6-CAC3-42EE-B422-0B6789B1017D}.Debug|x64.ActiveCfg = Debug|Any CPU
		{54E3DAF6-CAC3-42EE-B422-0B6789B1017D}.Debug|x64.Build.0 = Debug|Any CPU
		{54E3DAF6-CAC3-42EE-B422-0B6789B1017D}.Debug|x86.ActiveCfg = Debug|Any CPU
		{54E3DAF6-CAC3-42EE-B422-0B6789B1017D}.Debug|x86.Build.0 = Debug|Any CPU
		{54E3DAF6-CAC3-42EE-B422-0B6789B1017D}.Release|Any CPU.ActiveCfg = Release|Any CPU
		{54E3DAF6-CAC3-42EE-B422-0B6789B1017D}.Release|Any CPU.Build.0 = Release|Any CPU
		{54E3DAF6-CAC3-42EE-B422-0B6789B1017D}.Release|x64.ActiveCfg = Release|Any CPU
		{54E3DAF6-CAC3-42EE-B422-0B6789B1017D}.Release|x64.Build.0 = Release|Any CPU
		{54E3DAF6-CAC3-42EE-B422-0B6789B1017D}.Release|x86.ActiveCfg = Release|Any CPU
		{54E3DAF6-CAC3-42EE-B422-0B6789B1017D}.Release|x86.Build.0 = Release|Any CPU
		{54BCB877-CB38-4564-958E-4FA51DB91A74}.Debug|Any CPU.ActiveCfg = Debug|Any CPU
		{54BCB877-CB38-4564-958E-4FA51DB91A74}.Debug|Any CPU.Build.0 = Debug|Any CPU
		{54BCB877-CB38-4564-958E-4FA51DB91A74}.Debug|x64.ActiveCfg = Debug|Any CPU
		{54BCB877-CB38-4564-958E-4FA51DB91A74}.Debug|x64.Build.0 = Debug|Any CPU
		{54BCB877-CB38-4564-958E-4FA51DB91A74}.Debug|x86.ActiveCfg = Debug|Any CPU
		{54BCB877-CB38-4564-958E-4FA51DB91A74}.Debug|x86.Build.0 = Debug|Any CPU
		{54BCB877-CB38-4564-958E-4FA51DB91A74}.Release|Any CPU.ActiveCfg = Release|Any CPU
		{54BCB877-CB38-4564-958E-4FA51DB91A74}.Release|Any CPU.Build.0 = Release|Any CPU
		{54BCB877-CB38-4564-958E-4FA51DB91A74}.Release|x64.ActiveCfg = Release|Any CPU
		{54BCB877-CB38-4564-958E-4FA51DB91A74}.Release|x64.Build.0 = Release|Any CPU
		{54BCB877-CB38-4564-958E-4FA51DB91A74}.Release|x86.ActiveCfg = Release|Any CPU
		{54BCB877-CB38-4564-958E-4FA51DB91A74}.Release|x86.Build.0 = Release|Any CPU
		{C007838A-296C-4CCD-A8F4-CCF25D56E5CF}.Debug|Any CPU.ActiveCfg = Debug|Any CPU
		{C007838A-296C-4CCD-A8F4-CCF25D56E5CF}.Debug|Any CPU.Build.0 = Debug|Any CPU
		{C007838A-296C-4CCD-A8F4-CCF25D56E5CF}.Debug|x64.ActiveCfg = Debug|Any CPU
		{C007838A-296C-4CCD-A8F4-CCF25D56E5CF}.Debug|x64.Build.0 = Debug|Any CPU
		{C007838A-296C-4CCD-A8F4-CCF25D56E5CF}.Debug|x86.ActiveCfg = Debug|Any CPU
		{C007838A-296C-4CCD-A8F4-CCF25D56E5CF}.Debug|x86.Build.0 = Debug|Any CPU
		{C007838A-296C-4CCD-A8F4-CCF25D56E5CF}.Release|Any CPU.ActiveCfg = Release|Any CPU
		{C007838A-296C-4CCD-A8F4-CCF25D56E5CF}.Release|Any CPU.Build.0 = Release|Any CPU
		{C007838A-296C-4CCD-A8F4-CCF25D56E5CF}.Release|x64.ActiveCfg = Release|Any CPU
		{C007838A-296C-4CCD-A8F4-CCF25D56E5CF}.Release|x64.Build.0 = Release|Any CPU
		{C007838A-296C-4CCD-A8F4-CCF25D56E5CF}.Release|x86.ActiveCfg = Release|Any CPU
		{C007838A-296C-4CCD-A8F4-CCF25D56E5CF}.Release|x86.Build.0 = Release|Any CPU
	EndGlobalSection
	GlobalSection(NestedProjects) = preSolution
		{8C03C711-59ED-4E56-B579-CF21F73AA268} = {95482BEF-B807-4DBD-9440-883BA56E6252}
		{A1E05219-9250-4CFE-A5FA-E2B6D7510105} = {D0F298AB-71FB-4589-A18D-B459B6EB7CF1}
		{3D4181AB-EED2-4397-82E9-B9F05DEF99F0} = {D0F298AB-71FB-4589-A18D-B459B6EB7CF1}
		{8AB5FBDF-5027-415D-A424-B8F0C7728353} = {D0F298AB-71FB-4589-A18D-B459B6EB7CF1}
		{54E3DAF6-CAC3-42EE-B422-0B6789B1017D} = {13A05E6A-6C92-46E6-9BF7-85F22548CBA7}
		{CCF1AF6B-D2F9-4A2E-9593-59C297A7E9CF} = {13A05E6A-6C92-46E6-9BF7-85F22548CBA7}
		{54BCB877-CB38-4564-958E-4FA51DB91A74} = {CCF1AF6B-D2F9-4A2E-9593-59C297A7E9CF}
	EndGlobalSection
EndGlobal
